
Microsoft Visual Studio Solution File, Format Version 12.00
# Visual Studio Version 17
VisualStudioVersion = 17.9.34723.18
MinimumVisualStudioVersion = 10.0.40219.1
Project("{8BC9CEB8-8B4A-11D0-8D11-00A0C91BC942}") = "EOR", "EOR.vcxproj", "{20860DB3-0AD2-4BE5-9976-8CCACC75B962}"
	ProjectSection(ProjectDependencies) = postProject
		{1EFDB154-D3B5-43BC-8733-F3D6941C9E36} = {1EFDB154-D3B5-43BC-8733-F3D6941C9E36}
	EndProjectSection
EndProject
Project("{8BC9CEB8-8B4A-11D0-8D11-00A0C91BC942}") = "plooshfinder", "plooshfinder\plooshfinder.vcxproj", "{1EFDB154-D3B5-43BC-8733-F3D6941C9E36}"
EndProject
Global
	GlobalSection(SolutionConfigurationPlatforms) = preSolution
		Debug|x64 = Debug|x64
		Debug|x86 = Debug|x86
		Release|x64 = Release|x64
		Release|x86 = Release|x86
	EndGlobalSection
	GlobalSection(ProjectConfigurationPlatforms) = postSolution
		{20860DB3-0AD2-4BE5-9976-8CCACC75B962}.Debug|x64.ActiveCfg = Debug|x64
		{20860DB3-0AD2-4BE5-9976-8CCACC75B962}.Debug|x64.Build.0 = Debug|x64
		{20860DB3-0AD2-4BE5-9976-8CCACC75B962}.Debug|x86.ActiveCfg = Debug|Win32
		{20860DB3-0AD2-4BE5-9976-8CCACC75B962}.Debug|x86.Build.0 = Debug|Win32
		{20860DB3-0AD2-4BE5-9976-8CCACC75B962}.Release|x64.ActiveCfg = Release|x64
		{20860DB3-0AD2-4BE5-9976-8CCACC75B962}.Release|x64.Build.0 = Release|x64
		{20860DB3-0AD2-4BE5-9976-8CCACC75B962}.Release|x86.ActiveCfg = Release|Win32
		{20860DB3-0AD2-4BE5-9976-8CCACC75B962}.Release|x86.Build.0 = Release|Win32
		{1EFDB154-D3B5-43BC-8733-F3D6941C9E36}.Debug|x64.ActiveCfg = Debug|x64
		{1EFDB154-D3B5-43BC-8733-F3D6941C9E36}.Debug|x64.Build.0 = Debug|x64
		{1EFDB154-D3B5-43BC-8733-F3D6941C9E36}.Debug|x86.ActiveCfg = Debug|x64
		{1EFDB154-D3B5-43BC-8733-F3D6941C9E36}.Debug|x86.Build.0 = Debug|x64
		{1EFDB154-D3B5-43BC-8733-F3D6941C9E36}.Release|x64.ActiveCfg = Release|x64
		{1EFDB154-D3B5-43BC-8733-F3D6941C9E36}.Release|x64.Build.0 = Release|x64
		{1EFDB154-D3B5-43BC-8733-F3D6941C9E36}.Release|x86.ActiveCfg = Release|x64
		{1EFDB154-D3B5-43BC-8733-F3D6941C9E36}.Release|x86.Build.0 = Release|x64
	EndGlobalSection
	GlobalSection(SolutionProperties) = preSolution
		HideSolutionNode = FALSE
	EndGlobalSection
	GlobalSection(ExtensibilityGlobals) = postSolution
		SolutionGuid = {BC0EC281-CC4E-4469-8223-21755D11375C}
	EndGlobalSection
EndGlobal
